
Microsoft Visual Studio Solution File, Format Version 11.00
# Visual Studio 2010
Project("{FAE04EC0-301F-11D3-BF4B-00C04F79EFBC}") = "Knihovna_SAN", "Knihovna_SAN\Knihovna_SAN.csproj", "{286F496D-8102-4B4F-ABC8-25A2A5066D1F}"
EndProject
Project("{FAE04EC0-301F-11D3-BF4B-00C04F79EFBC}") = "DatabaseLibrary", "DatabaseLibrary\DatabaseLibrary.csproj", "{91DDCE6F-33C3-4FB4-ABD2-B326613E9CAC}"
EndProject
Project("{FAE04EC0-301F-11D3-BF4B-00C04F79EFBC}") = "DatabaseTest", "DatabaseTest\DatabaseTest.csproj", "{5FD5040B-4C2D-474C-88E1-2324BA8AB826}"
EndProject
Global
	GlobalSection(SolutionConfigurationPlatforms) = preSolution
		Debug|Any CPU = Debug|Any CPU
		Debug|Mixed Platforms = Debug|Mixed Platforms
		Debug|x86 = Debug|x86
		Release|Any CPU = Release|Any CPU
		Release|Mixed Platforms = Release|Mixed Platforms
		Release|x86 = Release|x86
	EndGlobalSection
	GlobalSection(ProjectConfigurationPlatforms) = postSolution
		{286F496D-8102-4B4F-ABC8-25A2A5066D1F}.Debug|Any CPU.ActiveCfg = Debug|Any CPU
		{286F496D-8102-4B4F-ABC8-25A2A5066D1F}.Debug|Any CPU.Build.0 = Debug|Any CPU
		{286F496D-8102-4B4F-ABC8-25A2A5066D1F}.Debug|Mixed Platforms.ActiveCfg = Debug|Any CPU
		{286F496D-8102-4B4F-ABC8-25A2A5066D1F}.Debug|Mixed Platforms.Build.0 = Debug|Any CPU
		{286F496D-8102-4B4F-ABC8-25A2A5066D1F}.Debug|x86.ActiveCfg = Debug|Any CPU
		{286F496D-8102-4B4F-ABC8-25A2A5066D1F}.Release|Any CPU.ActiveCfg = Release|Any CPU
		{286F496D-8102-4B4F-ABC8-25A2A5066D1F}.Release|Any CPU.Build.0 = Release|Any CPU
		{286F496D-8102-4B4F-ABC8-25A2A5066D1F}.Release|Mixed Platforms.ActiveCfg = Release|Any CPU
		{286F496D-8102-4B4F-ABC8-25A2A5066D1F}.Release|Mixed Platforms.Build.0 = Release|Any CPU
		{286F496D-8102-4B4F-ABC8-25A2A5066D1F}.Release|x86.ActiveCfg = Release|Any CPU
		{91DDCE6F-33C3-4FB4-ABD2-B326613E9CAC}.Debug|Any CPU.ActiveCfg = Debug|x86
		{91DDCE6F-33C3-4FB4-ABD2-B326613E9CAC}.Debug|Mixed Platforms.ActiveCfg = Debug|x86
		{91DDCE6F-33C3-4FB4-ABD2-B326613E9CAC}.Debug|Mixed Platforms.Build.0 = Debug|x86
		{91DDCE6F-33C3-4FB4-ABD2-B326613E9CAC}.Debug|x86.ActiveCfg = Debug|x86
		{91DDCE6F-33C3-4FB4-ABD2-B326613E9CAC}.Debug|x86.Build.0 = Debug|x86
		{91DDCE6F-33C3-4FB4-ABD2-B326613E9CAC}.Release|Any CPU.ActiveCfg = Release|x86
		{91DDCE6F-33C3-4FB4-ABD2-B326613E9CAC}.Release|Mixed Platforms.ActiveCfg = Release|x86
		{91DDCE6F-33C3-4FB4-ABD2-B326613E9CAC}.Release|Mixed Platforms.Build.0 = Release|x86
		{91DDCE6F-33C3-4FB4-ABD2-B326613E9CAC}.Release|x86.ActiveCfg = Release|x86
		{91DDCE6F-33C3-4FB4-ABD2-B326613E9CAC}.Release|x86.Build.0 = Release|x86
		{5FD5040B-4C2D-474C-88E1-2324BA8AB826}.Debug|Any CPU.ActiveCfg = Debug|x86
		{5FD5040B-4C2D-474C-88E1-2324BA8AB826}.Debug|Mixed Platforms.ActiveCfg = Debug|x86
		{5FD5040B-4C2D-474C-88E1-2324BA8AB826}.Debug|Mixed Platforms.Build.0 = Debug|x86
		{5FD5040B-4C2D-474C-88E1-2324BA8AB826}.Debug|x86.ActiveCfg = Debug|x86
		{5FD5040B-4C2D-474C-88E1-2324BA8AB826}.Debug|x86.Build.0 = Debug|x86
		{5FD5040B-4C2D-474C-88E1-2324BA8AB826}.Release|Any CPU.ActiveCfg = Release|x86
		{5FD5040B-4C2D-474C-88E1-2324BA8AB826}.Release|Mixed Platforms.ActiveCfg = Release|x86
		{5FD5040B-4C2D-474C-88E1-2324BA8AB826}.Release|Mixed Platforms.Build.0 = Release|x86
		{5FD5040B-4C2D-474C-88E1-2324BA8AB826}.Release|x86.ActiveCfg = Release|x86
		{5FD5040B-4C2D-474C-88E1-2324BA8AB826}.Release|x86.Build.0 = Release|x86
	EndGlobalSection
	GlobalSection(SolutionProperties) = preSolution
		HideSolutionNode = FALSE
	EndGlobalSection
EndGlobal
